{
  "lockfile_version": "1",
  "packages": {
    "poetry@latest": {
      "last_modified": "2023-07-25T23:32:12Z",
      "plugin_version": "0.0.3",
      "resolved": "github:NixOS/nixpkgs/a9b47d85504bdd199e90846622c76aa0bfeabfac#poetry",
      "version": "1.5.1"
    },
    "python3@latest": {
      "last_modified": "2023-07-25T23:32:12Z",
      "plugin_version": "0.0.1",
      "resolved": "github:NixOS/nixpkgs/a9b47d85504bdd199e90846622c76aa0bfeabfac#python311",
      "version": "3.11.4"
    }
  }
}
